
Microsoft Visual Studio Solution File, Format Version 12.00
# Visual Studio Version 17
VisualStudioVersion = 17.11.35327.3
MinimumVisualStudioVersion = 10.0.40219.1
Project("{9A19103F-16F7-4668-BE54-9A1E7A4F7556}") = "SmartBotWebAPI", "api\SmartBotWebAPI\SmartBotWebAPI.csproj", "{10BBDED1-243F-4BA5-80F6-CE20A1C9C1CF}"
EndProject
Project("{9A19103F-16F7-4668-BE54-9A1E7A4F7556}") = "SmartBotBlazorApp", "ui\SmartBotBlazorApp\SmartBotBlazorApp\SmartBotBlazorApp.csproj", "{F4FA5C27-E1CF-4938-A0A0-09D055F65346}"
EndProject
Project("{9A19103F-16F7-4668-BE54-9A1E7A4F7556}") = "SmartBotBlazorApp.Client", "ui\SmartBotBlazorApp\SmartBotBlazorApp.Client\SmartBotBlazorApp.Client.csproj", "{CEF0B684-D67D-4B52-A949-5EA1ECF2BD44}"
EndProject
Global
	GlobalSection(SolutionConfigurationPlatforms) = preSolution
		Debug|Any CPU = Debug|Any CPU
		Release|Any CPU = Release|Any CPU
	EndGlobalSection
	GlobalSection(ProjectConfigurationPlatforms) = postSolution
		{10BBDED1-243F-4BA5-80F6-CE20A1C9C1CF}.Debug|Any CPU.ActiveCfg = Debug|Any CPU
		{10BBDED1-243F-4BA5-80F6-CE20A1C9C1CF}.Debug|Any CPU.Build.0 = Debug|Any CPU
		{10BBDED1-243F-4BA5-80F6-CE20A1C9C1CF}.Release|Any CPU.ActiveCfg = Release|Any CPU
		{10BBDED1-243F-4BA5-80F6-CE20A1C9C1CF}.Release|Any CPU.Build.0 = Release|Any CPU
		{F4FA5C27-E1CF-4938-A0A0-09D055F65346}.Debug|Any CPU.ActiveCfg = Debug|Any CPU
		{F4FA5C27-E1CF-4938-A0A0-09D055F65346}.Debug|Any CPU.Build.0 = Debug|Any CPU
		{F4FA5C27-E1CF-4938-A0A0-09D055F65346}.Release|Any CPU.ActiveCfg = Release|Any CPU
		{F4FA5C27-E1CF-4938-A0A0-09D055F65346}.Release|Any CPU.Build.0 = Release|Any CPU
		{CEF0B684-D67D-4B52-A949-5EA1ECF2BD44}.Debug|Any CPU.ActiveCfg = Debug|Any CPU
		{CEF0B684-D67D-4B52-A949-5EA1ECF2BD44}.Debug|Any CPU.Build.0 = Debug|Any CPU
		{CEF0B684-D67D-4B52-A949-5EA1ECF2BD44}.Release|Any CPU.ActiveCfg = Release|Any CPU
		{CEF0B684-D67D-4B52-A949-5EA1ECF2BD44}.Release|Any CPU.Build.0 = Release|Any CPU
	EndGlobalSection
	GlobalSection(SolutionProperties) = preSolution
		HideSolutionNode = FALSE
	EndGlobalSection
	GlobalSection(ExtensibilityGlobals) = postSolution
		SolutionGuid = {820D5F97-DDCE-490B-90E8-A0855F99EBE3}
	EndGlobalSection
EndGlobal
